
Microsoft Visual Studio Solution File, Format Version 12.00
# Visual Studio Version 17
VisualStudioVersion = 17.14.36301.6 d17.14
MinimumVisualStudioVersion = 10.0.40219.1
Project("{FAE04EC0-301F-11D3-BF4B-00C04F79EFBC}") = "JWTAuthDemo", "JWTAuthDemo.csproj", "{EB009EDA-346B-4283-8A8A-9989A06A5297}"
EndProject
Global
	GlobalSection(SolutionConfigurationPlatforms) = preSolution
		Debug|Any CPU = Debug|Any CPU
		Release|Any CPU = Release|Any CPU
	EndGlobalSection
	GlobalSection(ProjectConfigurationPlatforms) = postSolution
		{EB009EDA-346B-4283-8A8A-9989A06A5297}.Debug|Any CPU.ActiveCfg = Debug|Any CPU
		{EB009EDA-346B-4283-8A8A-9989A06A5297}.Debug|Any CPU.Build.0 = Debug|Any CPU
		{EB009EDA-346B-4283-8A8A-9989A06A5297}.Release|Any CPU.ActiveCfg = Release|Any CPU
		{EB009EDA-346B-4283-8A8A-9989A06A5297}.Release|Any CPU.Build.0 = Release|Any CPU
	EndGlobalSection
	GlobalSection(SolutionProperties) = preSolution
		HideSolutionNode = FALSE
	EndGlobalSection
	GlobalSection(ExtensibilityGlobals) = postSolution
		SolutionGuid = {FB6B4391-3B06-49B5-BC87-3E71FAA3336A}
	EndGlobalSection
EndGlobal
