
Microsoft Visual Studio Solution File, Format Version 12.00
# Visual Studio Version 17
VisualStudioVersion = 17.14.36212.18 d17.14
MinimumVisualStudioVersion = 10.0.40219.1
Project("{FAE04EC0-301F-11D3-BF4B-00C04F79EFBC}") = "LeapYearCalculatorLib", "LeapYearCalculatorLib.csproj", "{1DFA6E37-0315-4EB8-AA2F-4CC58E60CB9F}"
EndProject
Project("{FAE04EC0-301F-11D3-BF4B-00C04F79EFBC}") = "LeapYearCalculatorLib.Tests", "LeapYearCalculator.Tests\LeapYearCalculatorLib.Tests.csproj", "{52371DB3-45BA-4E23-B580-C9779BB6C558}"
EndProject
Global
	GlobalSection(SolutionConfigurationPlatforms) = preSolution
		Debug|Any CPU = Debug|Any CPU
		Release|Any CPU = Release|Any CPU
	EndGlobalSection
	GlobalSection(ProjectConfigurationPlatforms) = postSolution
		{1DFA6E37-0315-4EB8-AA2F-4CC58E60CB9F}.Debug|Any CPU.ActiveCfg = Debug|Any CPU
		{1DFA6E37-0315-4EB8-AA2F-4CC58E60CB9F}.Debug|Any CPU.Build.0 = Debug|Any CPU
		{1DFA6E37-0315-4EB8-AA2F-4CC58E60CB9F}.Release|Any CPU.ActiveCfg = Release|Any CPU
		{1DFA6E37-0315-4EB8-AA2F-4CC58E60CB9F}.Release|Any CPU.Build.0 = Release|Any CPU
		{52371DB3-45BA-4E23-B580-C9779BB6C558}.Debug|Any CPU.ActiveCfg = Debug|Any CPU
		{52371DB3-45BA-4E23-B580-C9779BB6C558}.Debug|Any CPU.Build.0 = Debug|Any CPU
		{52371DB3-45BA-4E23-B580-C9779BB6C558}.Release|Any CPU.ActiveCfg = Release|Any CPU
		{52371DB3-45BA-4E23-B580-C9779BB6C558}.Release|Any CPU.Build.0 = Release|Any CPU
	EndGlobalSection
	GlobalSection(SolutionProperties) = preSolution
		HideSolutionNode = FALSE
	EndGlobalSection
	GlobalSection(ExtensibilityGlobals) = postSolution
		SolutionGuid = {DF8AA640-DE3F-4292-BB5B-0E65CEC6C8FF}
	EndGlobalSection
EndGlobal
